
Microsoft Visual Studio Solution File, Format Version 12.00
# Visual Studio Version 17
VisualStudioVersion = 17.8.34330.188
MinimumVisualStudioVersion = 10.0.40219.1
Project("{FAE04EC0-301F-11D3-BF4B-00C04F79EFBC}") = "ClassLibCalci", "ClassLibCalci\ClassLibCalci.csproj", "{313C6940-A9DE-4FFC-9AF0-99E51CB4931E}"
EndProject
Project("{FAE04EC0-301F-11D3-BF4B-00C04F79EFBC}") = "SpecFlowProjectCalculator", "SpecFlowProjectCalculator\SpecFlowProjectCalculator.csproj", "{8D08EC07-4E05-4458-96B3-AB8C1D0F608A}"
EndProject
Global
	GlobalSection(SolutionConfigurationPlatforms) = preSolution
		Debug|Any CPU = Debug|Any CPU
		Release|Any CPU = Release|Any CPU
	EndGlobalSection
	GlobalSection(ProjectConfigurationPlatforms) = postSolution
		{313C6940-A9DE-4FFC-9AF0-99E51CB4931E}.Debug|Any CPU.ActiveCfg = Debug|Any CPU
		{313C6940-A9DE-4FFC-9AF0-99E51CB4931E}.Debug|Any CPU.Build.0 = Debug|Any CPU
		{313C6940-A9DE-4FFC-9AF0-99E51CB4931E}.Release|Any CPU.ActiveCfg = Release|Any CPU
		{313C6940-A9DE-4FFC-9AF0-99E51CB4931E}.Release|Any CPU.Build.0 = Release|Any CPU
		{8D08EC07-4E05-4458-96B3-AB8C1D0F608A}.Debug|Any CPU.ActiveCfg = Debug|Any CPU
		{8D08EC07-4E05-4458-96B3-AB8C1D0F608A}.Debug|Any CPU.Build.0 = Debug|Any CPU
		{8D08EC07-4E05-4458-96B3-AB8C1D0F608A}.Release|Any CPU.ActiveCfg = Release|Any CPU
		{8D08EC07-4E05-4458-96B3-AB8C1D0F608A}.Release|Any CPU.Build.0 = Release|Any CPU
	EndGlobalSection
	GlobalSection(SolutionProperties) = preSolution
		HideSolutionNode = FALSE
	EndGlobalSection
	GlobalSection(ExtensibilityGlobals) = postSolution
		SolutionGuid = {89AC4A40-055A-4F3B-8AFB-52B59D864EF6}
	EndGlobalSection
EndGlobal
